<?xml version="1.0" encoding="UTF-8" standalone="yes" ?>
<CodeBlocks_project_file>
	<FileVersion major="1" minor="6" />
	<Project>
		<Option title="Classification_Algorithms_System" />
		<Option execution_dir="build" />
		<Option pch_mode="2" />
		<Option compiler="gcc" />
		<Build>
			<Target title="Debug">
				<Option output="bin/Debug/Classification_Algorithms_System" prefix_auto="1" extension_auto="1" />
				<Option object_output="obj/Debug/" />
				<Option type="1" />
				<Option compiler="gcc" />
				<Compiler>
					<Add option="-std=c++11" />
					<Add option="-g" />
				</Compiler>
			</Target>
			<Target title="Release">
				<Option output="bin/Release/Classification_Algorithms_System" prefix_auto="1" extension_auto="1" />
				<Option object_output="obj/Release/" />
				<Option type="1" />
				<Option compiler="gcc" />
				<Compiler>
					<Add option="-O2" />
				</Compiler>
				<Linker>
					<Add option="-s" />
				</Linker>
			</Target>
		</Build>
		<Compiler>
			<Add option="-Wall" />
			<Add option="-fexceptions" />
		</Compiler>
		<Unit filename="includes/Classifier.hpp" />
		<Unit filename="includes/Data.hpp" />
		<Unit filename="includes/DualClassifier.hpp" />
		<Unit filename="includes/FeatureSelection.hpp" />
		<Unit filename="includes/Kernel.hpp" />
		<Unit filename="includes/MLToolkit.hpp" />
		<Unit filename="includes/Point.hpp" />
		<Unit filename="includes/PrimalClassifier.hpp" />
		<Unit filename="includes/Solution.hpp" />
		<Unit filename="includes/Statistics.hpp" />
		<Unit filename="includes/Utils.hpp" />
		<Unit filename="includes/Validation.hpp" />
		<Unit filename="includes/ValidationSolution.hpp" />
		<Unit filename="includes/Visualisation.hpp" />
		<Unit filename="includes/gnuplot_i.hpp" />
		<Unit filename="main.cpp" />
		<Unit filename="src/Data.cpp" />
		<Unit filename="src/Kernel.cpp" />
		<Unit filename="src/Point.cpp" />
		<Unit filename="src/Statistics.cpp" />
		<Unit filename="src/Utils.cpp" />
		<Unit filename="src/Validation.cpp" />
		<Unit filename="src/Visualisation.cpp" />
		<Unit filename="src/gnuplot_i.cpp" />
		<Unit filename="src/testes.cpp" />
		<Extensions>
			<code_completion />
			<envvars />
			<debugger />
		</Extensions>
	</Project>
</CodeBlocks_project_file>
